// !$*UTF8*$!
{
	archiveVersion = 1;
	classes = {
	};
	objectVersion = 46;
	objects = {

/* Begin PBXBuildFile section */
		641D35021BEA9CD600DD660C /* SWRevealViewController.m in Sources */ = {isa = PBXBuildFile; fileRef = 641D35011BEA9CD600DD660C /* SWRevealViewController.m */; };
		641D35041BEA9D4400DD660C /* SidebarViewController.swift in Sources */ = {isa = PBXBuildFile; fileRef = 641D35031BEA9D4400DD660C /* SidebarViewController.swift */; };
		641D35061BEA9E2D00DD660C /* menu-32.png in Resources */ = {isa = PBXBuildFile; fileRef = 641D35051BEA9E2D00DD660C /* menu-32.png */; };
		642BBA111BE95F49007EE777 /* User.swift in Sources */ = {isa = PBXBuildFile; fileRef = 642BBA101BE95F49007EE777 /* User.swift */; };
		642BBA141BE962C3007EE777 /* UserListCell.swift in Sources */ = {isa = PBXBuildFile; fileRef = 642BBA131BE962C3007EE777 /* UserListCell.swift */; };
		642BBA181BE96372007EE777 /* UserListCell.xib in Resources */ = {isa = PBXBuildFile; fileRef = 642BBA171BE96372007EE777 /* UserListCell.xib */; };
		642BBA1A1BE96C88007EE777 /* empty-user.png in Resources */ = {isa = PBXBuildFile; fileRef = 642BBA191BE96C88007EE777 /* empty-user.png */; };
		643E1FBB1C0B276300BC5A43 /* iPad.storyboard in Resources */ = {isa = PBXBuildFile; fileRef = 643E1FBA1C0B276300BC5A43 /* iPad.storyboard */; };
		64876C4C1BE92254005D80AA /* AppDelegate.swift in Sources */ = {isa = PBXBuildFile; fileRef = 64876C4B1BE92254005D80AA /* AppDelegate.swift */; };
		64876C511BE92254005D80AA /* Main.storyboard in Resources */ = {isa = PBXBuildFile; fileRef = 64876C4F1BE92254005D80AA /* Main.storyboard */; };
		64876C531BE92254005D80AA /* Assets.xcassets in Resources */ = {isa = PBXBuildFile; fileRef = 64876C521BE92254005D80AA /* Assets.xcassets */; };
		64876C561BE92254005D80AA /* LaunchScreen.storyboard in Resources */ = {isa = PBXBuildFile; fileRef = 64876C541BE92254005D80AA /* LaunchScreen.storyboard */; };
		64876C611BE92254005D80AA /* EstudyTests.swift in Sources */ = {isa = PBXBuildFile; fileRef = 64876C601BE92254005D80AA /* EstudyTests.swift */; };
		64876C6C1BE92254005D80AA /* EstudyUITests.swift in Sources */ = {isa = PBXBuildFile; fileRef = 64876C6B1BE92254005D80AA /* EstudyUITests.swift */; };
		64876C7E1BE9230B005D80AA /* UsersController.swift in Sources */ = {isa = PBXBuildFile; fileRef = 64876C7D1BE9230B005D80AA /* UsersController.swift */; };
		6493CCBF1BE9835C00D36AD0 /* ApiRequest.swift in Sources */ = {isa = PBXBuildFile; fileRef = 6493CCBE1BE9835C00D36AD0 /* ApiRequest.swift */; };
		6493CCC21BEA03F700D36AD0 /* ServerError.swift in Sources */ = {isa = PBXBuildFile; fileRef = 6493CCC11BEA03F700D36AD0 /* ServerError.swift */; };
		AFBFD58159DDA5CEC4812285 /* Pods_Estudy.framework in Frameworks */ = {isa = PBXBuildFile; fileRef = 32A71D215F84CBA9998EA98C /* Pods_Estudy.framework */; };
		ECEE55A82B89CE97CCC82BBC /* Pods.framework in Frameworks */ = {isa = PBXBuildFile; fileRef = D7AAD773AAF40F2558BBB698 /* Pods.framework */; };
/* End PBXBuildFile section */

/* Begin PBXContainerItemProxy section */
		64876C5D1BE92254005D80AA /* PBXContainerItemProxy */ = {
			isa = PBXContainerItemProxy;
			containerPortal = 64876C401BE92254005D80AA /* Project object */;
			proxyType = 1;
			remoteGlobalIDString = 64876C471BE92254005D80AA;
			remoteInfo = Estudy;
		};
		64876C681BE92254005D80AA /* PBXContainerItemProxy */ = {
			isa = PBXContainerItemProxy;
			containerPortal = 64876C401BE92254005D80AA /* Project object */;
			proxyType = 1;
			remoteGlobalIDString = 64876C471BE92254005D80AA;
			remoteInfo = Estudy;
		};
/* End PBXContainerItemProxy section */

/* Begin PBXFileReference section */
		1E859032D285BDEEB88D09EA /* Pods-Estudy.release.xcconfig */ = {isa = PBXFileReference; includeInIndex = 1; lastKnownFileType = text.xcconfig; name = "Pods-Estudy.release.xcconfig"; path = "Pods/Target Support Files/Pods-Estudy/Pods-Estudy.release.xcconfig"; sourceTree = "<group>"; };
		32A71D215F84CBA9998EA98C /* Pods_Estudy.framework */ = {isa = PBXFileReference; explicitFileType = wrapper.framework; includeInIndex = 0; path = Pods_Estudy.framework; sourceTree = BUILT_PRODUCTS_DIR; };
		641D34FF1BEA9CD500DD660C /* Estudy-Bridging-Header.h */ = {isa = PBXFileReference; lastKnownFileType = sourcecode.c.h; path = "Estudy-Bridging-Header.h"; sourceTree = "<group>"; };
		641D35001BEA9CD600DD660C /* SWRevealViewController.h */ = {isa = PBXFileReference; fileEncoding = 4; lastKnownFileType = sourcecode.c.h; path = SWRevealViewController.h; sourceTree = "<group>"; };
		641D35011BEA9CD600DD660C /* SWRevealViewController.m */ = {isa = PBXFileReference; fileEncoding = 4; lastKnownFileType = sourcecode.c.objc; path = SWRevealViewController.m; sourceTree = "<group>"; };
		641D35031BEA9D4400DD660C /* SidebarViewController.swift */ = {isa = PBXFileReference; fileEncoding = 4; lastKnownFileType = sourcecode.swift; path = SidebarViewController.swift; sourceTree = "<group>"; };
		641D35051BEA9E2D00DD660C /* menu-32.png */ = {isa = PBXFileReference; lastKnownFileType = image.png; path = "menu-32.png"; sourceTree = "<group>"; };
		642BBA101BE95F49007EE777 /* User.swift */ = {isa = PBXFileReference; fileEncoding = 4; lastKnownFileType = sourcecode.swift; path = User.swift; sourceTree = "<group>"; };
		642BBA131BE962C3007EE777 /* UserListCell.swift */ = {isa = PBXFileReference; fileEncoding = 4; lastKnownFileType = sourcecode.swift; path = UserListCell.swift; sourceTree = "<group>"; };
		642BBA171BE96372007EE777 /* UserListCell.xib */ = {isa = PBXFileReference; fileEncoding = 4; lastKnownFileType = file.xib; path = UserListCell.xib; sourceTree = "<group>"; };
		642BBA191BE96C88007EE777 /* empty-user.png */ = {isa = PBXFileReference; lastKnownFileType = image.png; path = "empty-user.png"; sourceTree = "<group>"; };
		643E1FBA1C0B276300BC5A43 /* iPad.storyboard */ = {isa = PBXFileReference; fileEncoding = 4; lastKnownFileType = file.storyboard; path = iPad.storyboard; sourceTree = "<group>"; };
		6485548E1BE938F900D940F6 /* MyPlayground.playground */ = {isa = PBXFileReference; lastKnownFileType = file.playground; path = MyPlayground.playground; sourceTree = "<group>"; };
		64876C481BE92254005D80AA /* Estudy.app */ = {isa = PBXFileReference; explicitFileType = wrapper.application; includeInIndex = 0; path = Estudy.app; sourceTree = BUILT_PRODUCTS_DIR; };
		64876C4B1BE92254005D80AA /* AppDelegate.swift */ = {isa = PBXFileReference; lastKnownFileType = sourcecode.swift; path = AppDelegate.swift; sourceTree = "<group>"; };
		64876C501BE92254005D80AA /* Base */ = {isa = PBXFileReference; lastKnownFileType = file.storyboard; name = Base; path = Base.lproj/Main.storyboard; sourceTree = "<group>"; };
		64876C521BE92254005D80AA /* Assets.xcassets */ = {isa = PBXFileReference; lastKnownFileType = folder.assetcatalog; path = Assets.xcassets; sourceTree = "<group>"; };
		64876C551BE92254005D80AA /* Base */ = {isa = PBXFileReference; lastKnownFileType = file.storyboard; name = Base; path = Base.lproj/LaunchScreen.storyboard; sourceTree = "<group>"; };
		64876C571BE92254005D80AA /* Info.plist */ = {isa = PBXFileReference; lastKnownFileType = text.plist.xml; path = Info.plist; sourceTree = "<group>"; };
		64876C5C1BE92254005D80AA /* EstudyTests.xctest */ = {isa = PBXFileReference; explicitFileType = wrapper.cfbundle; includeInIndex = 0; path = EstudyTests.xctest; sourceTree = BUILT_PRODUCTS_DIR; };
		64876C601BE92254005D80AA /* EstudyTests.swift */ = {isa = PBXFileReference; lastKnownFileType = sourcecode.swift; path = EstudyTests.swift; sourceTree = "<group>"; };
		64876C621BE92254005D80AA /* Info.plist */ = {isa = PBXFileReference; lastKnownFileType = text.plist.xml; path = Info.plist; sourceTree = "<group>"; };
		64876C671BE92254005D80AA /* EstudyUITests.xctest */ = {isa = PBXFileReference; explicitFileType = wrapper.cfbundle; includeInIndex = 0; path = EstudyUITests.xctest; sourceTree = BUILT_PRODUCTS_DIR; };
		64876C6B1BE92254005D80AA /* EstudyUITests.swift */ = {isa = PBXFileReference; lastKnownFileType = sourcecode.swift; path = EstudyUITests.swift; sourceTree = "<group>"; };
		64876C6D1BE92254005D80AA /* Info.plist */ = {isa = PBXFileReference; lastKnownFileType = text.plist.xml; path = Info.plist; sourceTree = "<group>"; };
		64876C7D1BE9230B005D80AA /* UsersController.swift */ = {isa = PBXFileReference; fileEncoding = 4; lastKnownFileType = sourcecode.swift; path = UsersController.swift; sourceTree = "<group>"; };
		6493CCBE1BE9835C00D36AD0 /* ApiRequest.swift */ = {isa = PBXFileReference; fileEncoding = 4; lastKnownFileType = sourcecode.swift; path = ApiRequest.swift; sourceTree = "<group>"; };
		6493CCC11BEA03F700D36AD0 /* ServerError.swift */ = {isa = PBXFileReference; fileEncoding = 4; lastKnownFileType = sourcecode.swift; path = ServerError.swift; sourceTree = "<group>"; };
		C2FC11957D7961A27572E154 /* Pods-Estudy.debug.xcconfig */ = {isa = PBXFileReference; includeInIndex = 1; lastKnownFileType = text.xcconfig; name = "Pods-Estudy.debug.xcconfig"; path = "Pods/Target Support Files/Pods-Estudy/Pods-Estudy.debug.xcconfig"; sourceTree = "<group>"; };
		D7AAD773AAF40F2558BBB698 /* Pods.framework */ = {isa = PBXFileReference; explicitFileType = wrapper.framework; includeInIndex = 0; path = Pods.framework; sourceTree = BUILT_PRODUCTS_DIR; };
/* End PBXFileReference section */

/* Begin PBXFrameworksBuildPhase section */
		64876C451BE92254005D80AA /* Frameworks */ = {
			isa = PBXFrameworksBuildPhase;
			buildActionMask = 2147483647;
			files = (
				AFBFD58159DDA5CEC4812285 /* Pods_Estudy.framework in Frameworks */,
				ECEE55A82B89CE97CCC82BBC /* Pods.framework in Frameworks */,
			);
			runOnlyForDeploymentPostprocessing = 0;
		};
		64876C591BE92254005D80AA /* Frameworks */ = {
			isa = PBXFrameworksBuildPhase;
			buildActionMask = 2147483647;
			files = (
			);
			runOnlyForDeploymentPostprocessing = 0;
		};
		64876C641BE92254005D80AA /* Frameworks */ = {
			isa = PBXFrameworksBuildPhase;
			buildActionMask = 2147483647;
			files = (
			);
			runOnlyForDeploymentPostprocessing = 0;
		};
/* End PBXFrameworksBuildPhase section */

/* Begin PBXGroup section */
		1ABF3B44B964186BBAC6C036 /* Frameworks */ = {
			isa = PBXGroup;
			children = (
				32A71D215F84CBA9998EA98C /* Pods_Estudy.framework */,
				D7AAD773AAF40F2558BBB698 /* Pods.framework */,
			);
			name = Frameworks;
			sourceTree = "<group>";
		};
		641D34FE1BEA9CC200DD660C /* SWRevealViewController */ = {
			isa = PBXGroup;
			children = (
				641D35001BEA9CD600DD660C /* SWRevealViewController.h */,
				641D35011BEA9CD600DD660C /* SWRevealViewController.m */,
				641D34FF1BEA9CD500DD660C /* Estudy-Bridging-Header.h */,
			);
			name = SWRevealViewController;
			sourceTree = "<group>";
		};
		642BBA121BE96291007EE777 /* users */ = {
			isa = PBXGroup;
			children = (
				642BBA131BE962C3007EE777 /* UserListCell.swift */,
				642BBA171BE96372007EE777 /* UserListCell.xib */,
			);
			name = users;
			sourceTree = "<group>";
		};
		6485548D1BE9261000D940F6 /* api */ = {
			isa = PBXGroup;
			children = (
				6493CCBE1BE9835C00D36AD0 /* ApiRequest.swift */,
			);
			name = api;
			sourceTree = "<group>";
		};
		64876C3F1BE92254005D80AA = {
			isa = PBXGroup;
			children = (
				64876C4A1BE92254005D80AA /* Estudy */,
				64876C5F1BE92254005D80AA /* EstudyTests */,
				64876C6A1BE92254005D80AA /* EstudyUITests */,
				64876C491BE92254005D80AA /* Products */,
				BF2BC85EB979AA8DB60489B0 /* Pods */,
				1ABF3B44B964186BBAC6C036 /* Frameworks */,
			);
			sourceTree = "<group>";
		};
		64876C491BE92254005D80AA /* Products */ = {
			isa = PBXGroup;
			children = (
				64876C481BE92254005D80AA /* Estudy.app */,
				64876C5C1BE92254005D80AA /* EstudyTests.xctest */,
				64876C671BE92254005D80AA /* EstudyUITests.xctest */,
			);
			name = Products;
			sourceTree = "<group>";
		};
		64876C4A1BE92254005D80AA /* Estudy */ = {
			isa = PBXGroup;
			children = (
				641D34FE1BEA9CC200DD660C /* SWRevealViewController */,
				6493CCC01BEA03DE00D36AD0 /* notifications */,
				6485548D1BE9261000D940F6 /* api */,
				64876C7C1BE922E0005D80AA /* models */,
				64876C7B1BE922DB005D80AA /* views */,
				64876C7A1BE922D4005D80AA /* controllers */,
				64876C791BE922CA005D80AA /* Images */,
				64876C4B1BE92254005D80AA /* AppDelegate.swift */,
				64876C4F1BE92254005D80AA /* Main.storyboard */,
				64876C521BE92254005D80AA /* Assets.xcassets */,
				64876C541BE92254005D80AA /* LaunchScreen.storyboard */,
				64876C571BE92254005D80AA /* Info.plist */,
				6485548E1BE938F900D940F6 /* MyPlayground.playground */,
				643E1FBA1C0B276300BC5A43 /* iPad.storyboard */,
			);
			path = Estudy;
			sourceTree = "<group>";
		};
		64876C5F1BE92254005D80AA /* EstudyTests */ = {
			isa = PBXGroup;
			children = (
				64876C601BE92254005D80AA /* EstudyTests.swift */,
				64876C621BE92254005D80AA /* Info.plist */,
			);
			path = EstudyTests;
			sourceTree = "<group>";
		};
		64876C6A1BE92254005D80AA /* EstudyUITests */ = {
			isa = PBXGroup;
			children = (
				64876C6B1BE92254005D80AA /* EstudyUITests.swift */,
				64876C6D1BE92254005D80AA /* Info.plist */,
			);
			path = EstudyUITests;
			sourceTree = "<group>";
		};
		64876C791BE922CA005D80AA /* Images */ = {
			isa = PBXGroup;
			children = (
				641D35051BEA9E2D00DD660C /* menu-32.png */,
				642BBA191BE96C88007EE777 /* empty-user.png */,
			);
			name = Images;
			sourceTree = "<group>";
		};
		64876C7A1BE922D4005D80AA /* controllers */ = {
			isa = PBXGroup;
			children = (
				64876C7D1BE9230B005D80AA /* UsersController.swift */,
				641D35031BEA9D4400DD660C /* SidebarViewController.swift */,
			);
			name = controllers;
			sourceTree = "<group>";
		};
		64876C7B1BE922DB005D80AA /* views */ = {
			isa = PBXGroup;
			children = (
				642BBA121BE96291007EE777 /* users */,
			);
			name = views;
			sourceTree = "<group>";
		};
		64876C7C1BE922E0005D80AA /* models */ = {
			isa = PBXGroup;
			children = (
				642BBA101BE95F49007EE777 /* User.swift */,
			);
			name = models;
			sourceTree = "<group>";
		};
		6493CCC01BEA03DE00D36AD0 /* notifications */ = {
			isa = PBXGroup;
			children = (
				6493CCC11BEA03F700D36AD0 /* ServerError.swift */,
			);
			name = notifications;
			sourceTree = "<group>";
		};
		BF2BC85EB979AA8DB60489B0 /* Pods */ = {
			isa = PBXGroup;
			children = (
				C2FC11957D7961A27572E154 /* Pods-Estudy.debug.xcconfig */,
				1E859032D285BDEEB88D09EA /* Pods-Estudy.release.xcconfig */,
			);
			name = Pods;
			sourceTree = "<group>";
		};
/* End PBXGroup section */

/* Begin PBXNativeTarget section */
		64876C471BE92254005D80AA /* Estudy */ = {
			isa = PBXNativeTarget;
			buildConfigurationList = 64876C701BE92254005D80AA /* Build configuration list for PBXNativeTarget "Estudy" */;
			buildPhases = (
				9BFBBAECA8EADDA08FDDE8F8 /* Check Pods Manifest.lock */,
				64876C441BE92254005D80AA /* Sources */,
				64876C451BE92254005D80AA /* Frameworks */,
				64876C461BE92254005D80AA /* Resources */,
				70BEB09FF3D251765A660FB2 /* Embed Pods Frameworks */,
				E6B62BBE6656D820F4C885E3 /* Copy Pods Resources */,
			);
			buildRules = (
			);
			dependencies = (
			);
			name = Estudy;
			productName = Estudy;
			productReference = 64876C481BE92254005D80AA /* Estudy.app */;
			productType = "com.apple.product-type.application";
		};
		64876C5B1BE92254005D80AA /* EstudyTests */ = {
			isa = PBXNativeTarget;
			buildConfigurationList = 64876C731BE92254005D80AA /* Build configuration list for PBXNativeTarget "EstudyTests" */;
			buildPhases = (
				64876C581BE92254005D80AA /* Sources */,
				64876C591BE92254005D80AA /* Frameworks */,
				64876C5A1BE92254005D80AA /* Resources */,
			);
			buildRules = (
			);
			dependencies = (
				64876C5E1BE92254005D80AA /* PBXTargetDependency */,
			);
			name = EstudyTests;
			productName = EstudyTests;
			productReference = 64876C5C1BE92254005D80AA /* EstudyTests.xctest */;
			productType = "com.apple.product-type.bundle.unit-test";
		};
		64876C661BE92254005D80AA /* EstudyUITests */ = {
			isa = PBXNativeTarget;
			buildConfigurationList = 64876C761BE92254005D80AA /* Build configuration list for PBXNativeTarget "EstudyUITests" */;
			buildPhases = (
				64876C631BE92254005D80AA /* Sources */,
				64876C641BE92254005D80AA /* Frameworks */,
				64876C651BE92254005D80AA /* Resources */,
			);
			buildRules = (
			);
			dependencies = (
				64876C691BE92254005D80AA /* PBXTargetDependency */,
			);
			name = EstudyUITests;
			productName = EstudyUITests;
			productReference = 64876C671BE92254005D80AA /* EstudyUITests.xctest */;
			productType = "com.apple.product-type.bundle.ui-testing";
		};
/* End PBXNativeTarget section */

/* Begin PBXProject section */
		64876C401BE92254005D80AA /* Project object */ = {
			isa = PBXProject;
			attributes = {
				LastSwiftUpdateCheck = 0710;
				LastUpgradeCheck = 0710;
				ORGANIZATIONNAME = vsokoltsov;
				TargetAttributes = {
					64876C471BE92254005D80AA = {
						CreatedOnToolsVersion = 7.1;
					};
					64876C5B1BE92254005D80AA = {
						CreatedOnToolsVersion = 7.1;
						TestTargetID = 64876C471BE92254005D80AA;
					};
					64876C661BE92254005D80AA = {
						CreatedOnToolsVersion = 7.1;
						TestTargetID = 64876C471BE92254005D80AA;
					};
				};
			};
			buildConfigurationList = 64876C431BE92254005D80AA /* Build configuration list for PBXProject "Estudy" */;
			compatibilityVersion = "Xcode 3.2";
			developmentRegion = English;
			hasScannedForEncodings = 0;
			knownRegions = (
				en,
				Base,
			);
			mainGroup = 64876C3F1BE92254005D80AA;
			productRefGroup = 64876C491BE92254005D80AA /* Products */;
			projectDirPath = "";
			projectRoot = "";
			targets = (
				64876C471BE92254005D80AA /* Estudy */,
				64876C5B1BE92254005D80AA /* EstudyTests */,
				64876C661BE92254005D80AA /* EstudyUITests */,
			);
		};
/* End PBXProject section */

/* Begin PBXResourcesBuildPhase section */
		64876C461BE92254005D80AA /* Resources */ = {
			isa = PBXResourcesBuildPhase;
			buildActionMask = 2147483647;
			files = (
				642BBA181BE96372007EE777 /* UserListCell.xib in Resources */,
				64876C561BE92254005D80AA /* LaunchScreen.storyboard in Resources */,
				643E1FBB1C0B276300BC5A43 /* iPad.storyboard in Resources */,
				64876C531BE92254005D80AA /* Assets.xcassets in Resources */,
				64876C511BE92254005D80AA /* Main.storyboard in Resources */,
				642BBA1A1BE96C88007EE777 /* empty-user.png in Resources */,
				641D35061BEA9E2D00DD660C /* menu-32.png in Resources */,
			);
			runOnlyForDeploymentPostprocessing = 0;
		};
		64876C5A1BE92254005D80AA /* Resources */ = {
			isa = PBXResourcesBuildPhase;
			buildActionMask = 2147483647;
			files = (
			);
			runOnlyForDeploymentPostprocessing = 0;
		};
		64876C651BE92254005D80AA /* Resources */ = {
			isa = PBXResourcesBuildPhase;
			buildActionMask = 2147483647;
			files = (
			);
			runOnlyForDeploymentPostprocessing = 0;
		};
/* End PBXResourcesBuildPhase section */

/* Begin PBXShellScriptBuildPhase section */
		70BEB09FF3D251765A660FB2 /* Embed Pods Frameworks */ = {
			isa = PBXShellScriptBuildPhase;
			buildActionMask = 2147483647;
			files = (
			);
			inputPaths = (
			);
			name = "Embed Pods Frameworks";
			outputPaths = (
			);
			runOnlyForDeploymentPostprocessing = 0;
			shellPath = /bin/sh;
			shellScript = "\"${SRCROOT}/Pods/Target Support Files/Pods/Pods-frameworks.sh\"\n";
			showEnvVarsInLog = 0;
		};
		9BFBBAECA8EADDA08FDDE8F8 /* Check Pods Manifest.lock */ = {
			isa = PBXShellScriptBuildPhase;
			buildActionMask = 2147483647;
			files = (
			);
			inputPaths = (
			);
			name = "Check Pods Manifest.lock";
			outputPaths = (
			);
			runOnlyForDeploymentPostprocessing = 0;
			shellPath = /bin/sh;
			shellScript = "diff \"${PODS_ROOT}/../Podfile.lock\" \"${PODS_ROOT}/Manifest.lock\" > /dev/null\nif [[ $? != 0 ]] ; then\n    cat << EOM\nerror: The sandbox is not in sync with the Podfile.lock. Run 'pod install' or update your CocoaPods installation.\nEOM\n    exit 1\nfi\n";
			showEnvVarsInLog = 0;
		};
		E6B62BBE6656D820F4C885E3 /* Copy Pods Resources */ = {
			isa = PBXShellScriptBuildPhase;
			buildActionMask = 2147483647;
			files = (
			);
			inputPaths = (
			);
			name = "Copy Pods Resources";
			outputPaths = (
			);
			runOnlyForDeploymentPostprocessing = 0;
			shellPath = /bin/sh;
			shellScript = "\"${SRCROOT}/Pods/Target Support Files/Pods/Pods-resources.sh\"\n";
			showEnvVarsInLog = 0;
		};
/* End PBXShellScriptBuildPhase section */

/* Begin PBXSourcesBuildPhase section */
		64876C441BE92254005D80AA /* Sources */ = {
			isa = PBXSourcesBuildPhase;
			buildActionMask = 2147483647;
			files = (
				641D35021BEA9CD600DD660C /* SWRevealViewController.m in Sources */,
				642BBA141BE962C3007EE777 /* UserListCell.swift in Sources */,
				64876C4C1BE92254005D80AA /* AppDelegate.swift in Sources */,
				64876C7E1BE9230B005D80AA /* UsersController.swift in Sources */,
				6493CCBF1BE9835C00D36AD0 /* ApiRequest.swift in Sources */,
				642BBA111BE95F49007EE777 /* User.swift in Sources */,
				6493CCC21BEA03F700D36AD0 /* ServerError.swift in Sources */,
				641D35041BEA9D4400DD660C /* SidebarViewController.swift in Sources */,
			);
			runOnlyForDeploymentPostprocessing = 0;
		};
		64876C581BE92254005D80AA /* Sources */ = {
			isa = PBXSourcesBuildPhase;
			buildActionMask = 2147483647;
			files = (
				64876C611BE92254005D80AA /* EstudyTests.swift in Sources */,
			);
			runOnlyForDeploymentPostprocessing = 0;
		};
		64876C631BE92254005D80AA /* Sources */ = {
			isa = PBXSourcesBuildPhase;
			buildActionMask = 2147483647;
			files = (
				64876C6C1BE92254005D80AA /* EstudyUITests.swift in Sources */,
			);
			runOnlyForDeploymentPostprocessing = 0;
		};
/* End PBXSourcesBuildPhase section */

/* Begin PBXTargetDependency section */
		64876C5E1BE92254005D80AA /* PBXTargetDependency */ = {
			isa = PBXTargetDependency;
			target = 64876C471BE92254005D80AA /* Estudy */;
			targetProxy = 64876C5D1BE92254005D80AA /* PBXContainerItemProxy */;
		};
		64876C691BE92254005D80AA /* PBXTargetDependency */ = {
			isa = PBXTargetDependency;
			target = 64876C471BE92254005D80AA /* Estudy */;
			targetProxy = 64876C681BE92254005D80AA /* PBXContainerItemProxy */;
		};
/* End PBXTargetDependency section */

/* Begin PBXVariantGroup section */
		64876C4F1BE92254005D80AA /* Main.storyboard */ = {
			isa = PBXVariantGroup;
			children = (
				64876C501BE92254005D80AA /* Base */,
			);
			name = Main.storyboard;
			sourceTree = "<group>";
		};
		64876C541BE92254005D80AA /* LaunchScreen.storyboard */ = {
			isa = PBXVariantGroup;
			children = (
				64876C551BE92254005D80AA /* Base */,
			);
			name = LaunchScreen.storyboard;
			sourceTree = "<group>";
		};
/* End PBXVariantGroup section */

/* Begin XCBuildConfiguration section */
		64876C6E1BE92254005D80AA /* Debug */ = {
			isa = XCBuildConfiguration;
			buildSettings = {
				ALWAYS_SEARCH_USER_PATHS = NO;
				CLANG_CXX_LANGUAGE_STANDARD = "gnu++0x";
				CLANG_CXX_LIBRARY = "libc++";
				CLANG_ENABLE_MODULES = YES;
				CLANG_ENABLE_OBJC_ARC = YES;
				CLANG_WARN_BOOL_CONVERSION = YES;
				CLANG_WARN_CONSTANT_CONVERSION = YES;
				CLANG_WARN_DIRECT_OBJC_ISA_USAGE = YES_ERROR;
				CLANG_WARN_EMPTY_BODY = YES;
				CLANG_WARN_ENUM_CONVERSION = YES;
				CLANG_WARN_INT_CONVERSION = YES;
				CLANG_WARN_OBJC_ROOT_CLASS = YES_ERROR;
				CLANG_WARN_UNREACHABLE_CODE = YES;
				CLANG_WARN__DUPLICATE_METHOD_MATCH = YES;
				"CODE_SIGN_IDENTITY[sdk=iphoneos*]" = "iPhone Developer";
				COPY_PHASE_STRIP = NO;
				DEBUG_INFORMATION_FORMAT = dwarf;
				ENABLE_STRICT_OBJC_MSGSEND = YES;
				ENABLE_TESTABILITY = YES;
				GCC_C_LANGUAGE_STANDARD = gnu99;
				GCC_DYNAMIC_NO_PIC = NO;
				GCC_NO_COMMON_BLOCKS = YES;
				GCC_OPTIMIZATION_LEVEL = 0;
				GCC_PREPROCESSOR_DEFINITIONS = (
					"DEBUG=1",
					"$(inherited)",
				);
				GCC_WARN_64_TO_32_BIT_CONVERSION = YES;
				GCC_WARN_ABOUT_RETURN_TYPE = YES_ERROR;
				GCC_WARN_UNDECLARED_SELECTOR = YES;
				GCC_WARN_UNINITIALIZED_AUTOS = YES_AGGRESSIVE;
				GCC_WARN_UNUSED_FUNCTION = YES;
				GCC_WARN_UNUSED_VARIABLE = YES;
				IPHONEOS_DEPLOYMENT_TARGET = 9.1;
				MTL_ENABLE_DEBUG_INFO = YES;
				ONLY_ACTIVE_ARCH = YES;
				SDKROOT = iphoneos;
				SWIFT_OPTIMIZATION_LEVEL = "-Onone";
				TARGETED_DEVICE_FAMILY = "1,2";
			};
			name = Debug;
		};
		64876C6F1BE92254005D80AA /* Release */ = {
			isa = XCBuildConfiguration;
			buildSettings = {
				ALWAYS_SEARCH_USER_PATHS = NO;
				CLANG_CXX_LANGUAGE_STANDARD = "gnu++0x";
				CLANG_CXX_LIBRARY = "libc++";
				CLANG_ENABLE_MODULES = YES;
				CLANG_ENABLE_OBJC_ARC = YES;
				CLANG_WARN_BOOL_CONVERSION = YES;
				CLANG_WARN_CONSTANT_CONVERSION = YES;
				CLANG_WARN_DIRECT_OBJC_ISA_USAGE = YES_ERROR;
				CLANG_WARN_EMPTY_BODY = YES;
				CLANG_WARN_ENUM_CONVERSION = YES;
				CLANG_WARN_INT_CONVERSION = YES;
				CLANG_WARN_OBJC_ROOT_CLASS = YES_ERROR;
				CLANG_WARN_UNREACHABLE_CODE = YES;
				CLANG_WARN__DUPLICATE_METHOD_MATCH = YES;
				"CODE_SIGN_IDENTITY[sdk=iphoneos*]" = "iPhone Developer";
				COPY_PHASE_STRIP = NO;
				DEBUG_INFORMATION_FORMAT = "dwarf-with-dsym";
				ENABLE_NS_ASSERTIONS = NO;
				ENABLE_STRICT_OBJC_MSGSEND = YES;
				GCC_C_LANGUAGE_STANDARD = gnu99;
				GCC_NO_COMMON_BLOCKS = YES;
				GCC_WARN_64_TO_32_BIT_CONVERSION = YES;
				GCC_WARN_ABOUT_RETURN_TYPE = YES_ERROR;
				GCC_WARN_UNDECLARED_SELECTOR = YES;
				GCC_WARN_UNINITIALIZED_AUTOS = YES_AGGRESSIVE;
				GCC_WARN_UNUSED_FUNCTION = YES;
				GCC_WARN_UNUSED_VARIABLE = YES;
				IPHONEOS_DEPLOYMENT_TARGET = 9.1;
				MTL_ENABLE_DEBUG_INFO = NO;
				SDKROOT = iphoneos;
				TARGETED_DEVICE_FAMILY = "1,2";
				VALIDATE_PRODUCT = YES;
			};
			name = Release;
		};
		64876C711BE92254005D80AA /* Debug */ = {
			isa = XCBuildConfiguration;
			baseConfigurationReference = C2FC11957D7961A27572E154 /* Pods-Estudy.debug.xcconfig */;
			buildSettings = {
				ASSETCATALOG_COMPILER_APPICON_NAME = AppIcon;
				CLANG_ENABLE_MODULES = YES;
				INFOPLIST_FILE = Estudy/Info.plist;
				LD_RUNPATH_SEARCH_PATHS = "$(inherited) @executable_path/Frameworks";
				PRODUCT_BUNDLE_IDENTIFIER = vsokoltsov.Estudy;
				PRODUCT_NAME = "$(TARGET_NAME)";
				SWIFT_OBJC_BRIDGING_HEADER = "Estudy/Estudy-Bridging-Header.h";
				SWIFT_OPTIMIZATION_LEVEL = "-Onone";
			};
			name = Debug;
		};
		64876C721BE92254005D80AA /* Release */ = {
			isa = XCBuildConfiguration;
			baseConfigurationReference = 1E859032D285BDEEB88D09EA /* Pods-Estudy.release.xcconfig */;
			buildSettings = {
				ASSETCATALOG_COMPILER_APPICON_NAME = AppIcon;
				CLANG_ENABLE_MODULES = YES;
				INFOPLIST_FILE = Estudy/Info.plist;
				LD_RUNPATH_SEARCH_PATHS = "$(inherited) @executable_path/Frameworks";
				PRODUCT_BUNDLE_IDENTIFIER = vsokoltsov.Estudy;
				PRODUCT_NAME = "$(TARGET_NAME)";
				SWIFT_OBJC_BRIDGING_HEADER = "Estudy/Estudy-Bridging-Header.h";
			};
			name = Release;
		};
		64876C741BE92254005D80AA /* Debug */ = {
			isa = XCBuildConfiguration;
			buildSettings = {
				BUNDLE_LOADER = "$(TEST_HOST)";
				INFOPLIST_FILE = EstudyTests/Info.plist;
				LD_RUNPATH_SEARCH_PATHS = "$(inherited) @executable_path/Frameworks @loader_path/Frameworks";
				PRODUCT_BUNDLE_IDENTIFIER = vsokoltsov.EstudyTests;
				PRODUCT_NAME = "$(TARGET_NAME)";
				TEST_HOST = "$(BUILT_PRODUCTS_DIR)/Estudy.app/Estudy";
			};
			name = Debug;
		};
		64876C751BE92254005D80AA /* Release */ = {
			isa = XCBuildConfiguration;
			buildSettings = {
				BUNDLE_LOADER = "$(TEST_HOST)";
				INFOPLIST_FILE = EstudyTests/Info.plist;
				LD_RUNPATH_SEARCH_PATHS = "$(inherited) @executable_path/Frameworks @loader_path/Frameworks";
				PRODUCT_BUNDLE_IDENTIFIER = vsokoltsov.EstudyTests;
				PRODUCT_NAME = "$(TARGET_NAME)";
				TEST_HOST = "$(BUILT_PRODUCTS_DIR)/Estudy.app/Estudy";
			};
			name = Release;
		};
		64876C771BE92254005D80AA /* Debug */ = {
			isa = XCBuildConfiguration;
			buildSettings = {
				INFOPLIST_FILE = EstudyUITests/Info.plist;
				LD_RUNPATH_SEARCH_PATHS = "$(inherited) @executable_path/Frameworks @loader_path/Frameworks";
				PRODUCT_BUNDLE_IDENTIFIER = vsokoltsov.EstudyUITests;
				PRODUCT_NAME = "$(TARGET_NAME)";
				TEST_TARGET_NAME = Estudy;
				USES_XCTRUNNER = YES;
			};
			name = Debug;
		};
		64876C781BE92254005D80AA /* Release */ = {
			isa = XCBuildConfiguration;
			buildSettings = {
				INFOPLIST_FILE = EstudyUITests/Info.plist;
				LD_RUNPATH_SEARCH_PATHS = "$(inherited) @executable_path/Frameworks @loader_path/Frameworks";
				PRODUCT_BUNDLE_IDENTIFIER = vsokoltsov.EstudyUITests;
				PRODUCT_NAME = "$(TARGET_NAME)";
				TEST_TARGET_NAME = Estudy;
				USES_XCTRUNNER = YES;
			};
			name = Release;
		};
/* End XCBuildConfiguration section */

/* Begin XCConfigurationList section */
		64876C431BE92254005D80AA /* Build configuration list for PBXProject "Estudy" */ = {
			isa = XCConfigurationList;
			buildConfigurations = (
				64876C6E1BE92254005D80AA /* Debug */,
				64876C6F1BE92254005D80AA /* Release */,
			);
			defaultConfigurationIsVisible = 0;
			defaultConfigurationName = Release;
		};
		64876C701BE92254005D80AA /* Build configuration list for PBXNativeTarget "Estudy" */ = {
			isa = XCConfigurationList;
			buildConfigurations = (
				64876C711BE92254005D80AA /* Debug */,
				64876C721BE92254005D80AA /* Release */,
			);
			defaultConfigurationIsVisible = 0;
			defaultConfigurationName = Release;
		};
		64876C731BE92254005D80AA /* Build configuration list for PBXNativeTarget "EstudyTests" */ = {
			isa = XCConfigurationList;
			buildConfigurations = (
				64876C741BE92254005D80AA /* Debug */,
				64876C751BE92254005D80AA /* Release */,
			);
			defaultConfigurationIsVisible = 0;
			defaultConfigurationName = Release;
		};
		64876C761BE92254005D80AA /* Build configuration list for PBXNativeTarget "EstudyUITests" */ = {
			isa = XCConfigurationList;
			buildConfigurations = (
				64876C771BE92254005D80AA /* Debug */,
				64876C781BE92254005D80AA /* Release */,
			);
			defaultConfigurationIsVisible = 0;
			defaultConfigurationName = Release;
		};
/* End XCConfigurationList section */
	};
	rootObject = 64876C401BE92254005D80AA /* Project object */;
}
